{
  "version": 4,
  "terraform_version": "1.5.0",
  "serial": 8,
  "lineage": "ded8d51c-d3db-024f-aa9f-168980947c14",
  "outputs": {
    "platform_hw_cicd": {
      "value": {
        "external_ip": [
          "158.160.108.204",
          "158.160.98.57"
        ],
        "instance_name": [
          "centos-stream-8-jenkins-server-0",
          "centos-stream-8-jenkins-server-1"
        ]
      },
      "type": [
        "object",
        {
          "external_ip": [
            "tuple",
            [
              "string",
              "string"
            ]
          ],
          "instance_name": [
            "tuple",
            [
              "string",
              "string"
            ]
          ]
        }
      ]
    }
  },
  "resources": [
    {
      "mode": "data",
      "type": "yandex_compute_image",
      "name": "centos7",
      "provider": "provider[\"registry.terraform.io/yandex-cloud/yandex\"]",
      "instances": [
        {
          "schema_version": 0,
          "attributes": {
            "created_at": "2023-07-24T10:52:24Z",
            "description": "centos stream 8",
            "family": "centos-stream-8",
            "folder_id": "standard-images",
            "id": "fd83b231l81546ms6eas",
            "image_id": "fd83b231l81546ms6eas",
            "labels": {},
            "min_disk_size": 10,
            "name": "centos-stream-8-v20230724",
            "os_type": "linux",
            "pooled": true,
            "product_ids": [
              "f2eil57367gao8jbl34d"
            ],
            "size": 2,
            "status": "ready"
          },
          "sensitive_attributes": []
        }
      ]
    },
    {
      "mode": "managed",
      "type": "yandex_compute_instance",
      "name": "platform",
      "provider": "provider[\"registry.terraform.io/yandex-cloud/yandex\"]",
      "instances": [
        {
          "index_key": 0,
          "schema_version": 1,
          "attributes": {
            "allow_recreate": null,
            "allow_stopping_for_update": null,
            "boot_disk": [
              {
                "auto_delete": true,
                "device_name": "fhmlbt5jsd7cj0pfv11d",
                "disk_id": "fhmlbt5jsd7cj0pfv11d",
                "initialize_params": [
                  {
                    "block_size": 4096,
                    "description": "",
                    "image_id": "fd83b231l81546ms6eas",
                    "name": "",
                    "size": 10,
                    "snapshot_id": "",
                    "type": "network-hdd"
                  }
                ],
                "mode": "READ_WRITE"
              }
            ],
            "created_at": "2023-07-29T06:27:07Z",
            "description": "",
            "filesystem": [],
            "folder_id": "b1gumqlak859lpd79r0d",
            "fqdn": "fhmuf3f480a06ernq94p.auto.internal",
            "gpu_cluster_id": "",
            "hostname": "",
            "id": "fhmuf3f480a06ernq94p",
            "labels": {},
            "local_disk": [],
            "metadata": {
              "serial-port-enable": "1",
              "ssh-keys": "centos:ssh-rsa AAAAB3NzaC1yc2EAAAADAQABAAABgQCyu/6xCOkObqN/sE8jh9oZ7GNM+MWh5VWqyzKk6n2HHibUtIWdVCMhnrucU1jbCyNpz+PGHpYZVk7Qyfk21I2Gbbi31A5lYPPkpF+XC3U3EBjNz24CyAinvkmBVL1z+62REUiaLydrAvUAO7mjkgHHXHQBiFqqykxMefu3sfnunX4Ahe0/7OyXCsAtLzNy4jXxuHlUrtO/X2td9uIhoLv/rH0pillGCJjtDULMDGKFkY/J1V7OgjZwluGW9264kR4MaoerMkMEpC8z7+E6mIf21C2ZLUCkkKlla/AoW4kfJfGZsIhyUnd3XIlbfXWrWDxar65oYefeVpe7JFIsoXhjqjDuyqDa+NnFGvbptElFB94DVw64mQNYP4o3uP3L6Paa6fz8H5l3XY5kf8vm9koMoYkDAeq2A/6nGvrbUcam1U+qd9a031g5VbL5IjP/wkR9PrGdfc5a89ZJZBAN2ftdT2j3vPk1tB+c+n3GN5u2T+W1n770CvpiBdnujAOhji0= kunaev@dub-ws-235\n"
            },
            "metadata_options": [
              {
                "aws_v1_http_endpoint": 1,
                "aws_v1_http_token": 2,
                "gce_http_endpoint": 1,
                "gce_http_token": 1
              }
            ],
            "name": "centos-stream-8-jenkins-server-0",
            "network_acceleration_type": "standard",
            "network_interface": [
              {
                "dns_record": [],
                "index": 0,
                "ip_address": "10.0.1.5",
                "ipv4": true,
                "ipv6": false,
                "ipv6_address": "",
                "ipv6_dns_record": [],
                "mac_address": "d0:0d:1e:78:de:44",
                "nat": true,
                "nat_dns_record": [],
                "nat_ip_address": "158.160.108.204",
                "nat_ip_version": "IPV4",
                "security_group_ids": [
                  "enpi7etrjcpnt98eueju"
                ],
                "subnet_id": "e9bsov3t3ffo0ahhl5rg"
              }
            ],
            "placement_policy": [
              {
                "host_affinity_rules": [],
                "placement_group_id": ""
              }
            ],
            "platform_id": "standard-v1",
            "resources": [
              {
                "core_fraction": 5,
                "cores": 2,
                "gpus": 0,
                "memory": 4
              }
            ],
            "scheduling_policy": [
              {
                "preemptible": true
              }
            ],
            "secondary_disk": [],
            "service_account_id": "",
            "status": "running",
            "timeouts": null,
            "zone": "ru-central1-a"
          },
          "sensitive_attributes": [],
          "private": "eyJlMmJmYjczMC1lY2FhLTExZTYtOGY4OC0zNDM2M2JjN2M0YzAiOnsiY3JlYXRlIjozMDAwMDAwMDAwMDAsImRlbGV0ZSI6MzAwMDAwMDAwMDAwLCJ1cGRhdGUiOjMwMDAwMDAwMDAwMH0sInNjaGVtYV92ZXJzaW9uIjoiMSJ9",
          "dependencies": [
            "data.yandex_compute_image.centos7",
            "yandex_vpc_network.develop",
            "yandex_vpc_security_group.example",
            "yandex_vpc_subnet.develop"
          ]
        },
        {
          "index_key": 1,
          "schema_version": 1,
          "attributes": {
            "allow_recreate": null,
            "allow_stopping_for_update": null,
            "boot_disk": [
              {
                "auto_delete": true,
                "device_name": "fhm52pfihaibqb51jvvs",
                "disk_id": "fhm52pfihaibqb51jvvs",
                "initialize_params": [
                  {
                    "block_size": 4096,
                    "description": "",
                    "image_id": "fd83b231l81546ms6eas",
                    "name": "",
                    "size": 10,
                    "snapshot_id": "",
                    "type": "network-hdd"
                  }
                ],
                "mode": "READ_WRITE"
              }
            ],
            "created_at": "2023-07-29T06:27:07Z",
            "description": "",
            "filesystem": [],
            "folder_id": "b1gumqlak859lpd79r0d",
            "fqdn": "fhmr7uovf3ah3tlutf32.auto.internal",
            "gpu_cluster_id": "",
            "hostname": "",
            "id": "fhmr7uovf3ah3tlutf32",
            "labels": {},
            "local_disk": [],
            "metadata": {
              "serial-port-enable": "1",
              "ssh-keys": "centos:ssh-rsa AAAAB3NzaC1yc2EAAAADAQABAAABgQCyu/6xCOkObqN/sE8jh9oZ7GNM+MWh5VWqyzKk6n2HHibUtIWdVCMhnrucU1jbCyNpz+PGHpYZVk7Qyfk21I2Gbbi31A5lYPPkpF+XC3U3EBjNz24CyAinvkmBVL1z+62REUiaLydrAvUAO7mjkgHHXHQBiFqqykxMefu3sfnunX4Ahe0/7OyXCsAtLzNy4jXxuHlUrtO/X2td9uIhoLv/rH0pillGCJjtDULMDGKFkY/J1V7OgjZwluGW9264kR4MaoerMkMEpC8z7+E6mIf21C2ZLUCkkKlla/AoW4kfJfGZsIhyUnd3XIlbfXWrWDxar65oYefeVpe7JFIsoXhjqjDuyqDa+NnFGvbptElFB94DVw64mQNYP4o3uP3L6Paa6fz8H5l3XY5kf8vm9koMoYkDAeq2A/6nGvrbUcam1U+qd9a031g5VbL5IjP/wkR9PrGdfc5a89ZJZBAN2ftdT2j3vPk1tB+c+n3GN5u2T+W1n770CvpiBdnujAOhji0= kunaev@dub-ws-235\n"
            },
            "metadata_options": [
              {
                "aws_v1_http_endpoint": 1,
                "aws_v1_http_token": 2,
                "gce_http_endpoint": 1,
                "gce_http_token": 1
              }
            ],
            "name": "centos-stream-8-jenkins-server-1",
            "network_acceleration_type": "standard",
            "network_interface": [
              {
                "dns_record": [],
                "index": 0,
                "ip_address": "10.0.1.18",
                "ipv4": true,
                "ipv6": false,
                "ipv6_address": "",
                "ipv6_dns_record": [],
                "mac_address": "d0:0d:1b:3f:b1:f7",
                "nat": true,
                "nat_dns_record": [],
                "nat_ip_address": "158.160.98.57",
                "nat_ip_version": "IPV4",
                "security_group_ids": [
                  "enpi7etrjcpnt98eueju"
                ],
                "subnet_id": "e9bsov3t3ffo0ahhl5rg"
              }
            ],
            "placement_policy": [
              {
                "host_affinity_rules": [],
                "placement_group_id": ""
              }
            ],
            "platform_id": "standard-v1",
            "resources": [
              {
                "core_fraction": 5,
                "cores": 2,
                "gpus": 0,
                "memory": 4
              }
            ],
            "scheduling_policy": [
              {
                "preemptible": true
              }
            ],
            "secondary_disk": [],
            "service_account_id": "",
            "status": "running",
            "timeouts": null,
            "zone": "ru-central1-a"
          },
          "sensitive_attributes": [],
          "private": "eyJlMmJmYjczMC1lY2FhLTExZTYtOGY4OC0zNDM2M2JjN2M0YzAiOnsiY3JlYXRlIjozMDAwMDAwMDAwMDAsImRlbGV0ZSI6MzAwMDAwMDAwMDAwLCJ1cGRhdGUiOjMwMDAwMDAwMDAwMH0sInNjaGVtYV92ZXJzaW9uIjoiMSJ9",
          "dependencies": [
            "data.yandex_compute_image.centos7",
            "yandex_vpc_network.develop",
            "yandex_vpc_security_group.example",
            "yandex_vpc_subnet.develop"
          ]
        }
      ]
    },
    {
      "mode": "managed",
      "type": "yandex_vpc_network",
      "name": "develop",
      "provider": "provider[\"registry.terraform.io/yandex-cloud/yandex\"]",
      "instances": [
        {
          "schema_version": 0,
          "attributes": {
            "created_at": "2023-07-29T06:27:04Z",
            "default_security_group_id": "",
            "description": "",
            "folder_id": "b1gumqlak859lpd79r0d",
            "id": "enpf04hl3hle8b6k5dm6",
            "labels": {},
            "name": "develop",
            "subnet_ids": [
              "e9bsov3t3ffo0ahhl5rg"
            ],
            "timeouts": null
          },
          "sensitive_attributes": [],
          "private": "eyJlMmJmYjczMC1lY2FhLTExZTYtOGY4OC0zNDM2M2JjN2M0YzAiOnsiY3JlYXRlIjo2MDAwMDAwMDAwMCwiZGVsZXRlIjo2MDAwMDAwMDAwMCwidXBkYXRlIjo2MDAwMDAwMDAwMH19"
        }
      ]
    },
    {
      "mode": "managed",
      "type": "yandex_vpc_security_group",
      "name": "example",
      "provider": "provider[\"registry.terraform.io/yandex-cloud/yandex\"]",
      "instances": [
        {
          "schema_version": 0,
          "attributes": {
            "created_at": "2023-07-29T06:27:06Z",
            "description": "",
            "egress": [
              {
                "description": "разрешить весь исходящий трафик",
                "from_port": 0,
                "id": "enpsuvjefg9q07fvvfdj",
                "labels": {},
                "port": -1,
                "predefined_target": "",
                "protocol": "TCP",
                "security_group_id": "",
                "to_port": 65365,
                "v4_cidr_blocks": [
                  "0.0.0.0/0"
                ],
                "v6_cidr_blocks": []
              }
            ],
            "folder_id": "b1gumqlak859lpd79r0d",
            "id": "enpi7etrjcpnt98eueju",
            "ingress": [
              {
                "description": "разрешить весь исходящий трафик",
                "from_port": 25000,
                "id": "enp1s3po6i8ftr0johrn",
                "labels": {},
                "port": -1,
                "predefined_target": "",
                "protocol": "TCP",
                "security_group_id": "",
                "to_port": 65365,
                "v4_cidr_blocks": [
                  "212.59.101.82/32",
                  "158.160.108.204/32",
                  "158.160.98.57/32"
                ],
                "v6_cidr_blocks": []
              },
              {
                "description": "разрешить входящий  http",
                "from_port": -1,
                "id": "enpbkdlq3pc2fq1o3unq",
                "labels": {},
                "port": 80,
                "predefined_target": "",
                "protocol": "TCP",
                "security_group_id": "",
                "to_port": -1,
                "v4_cidr_blocks": [
                  "212.59.101.82/32"
                ],
                "v6_cidr_blocks": []
              },
              {
                "description": "разрешить входящий http res",
                "from_port": -1,
                "id": "enp8n9qtuk09tqvm1coc",
                "labels": {},
                "port": 8080,
                "predefined_target": "",
                "protocol": "TCP",
                "security_group_id": "",
                "to_port": -1,
                "v4_cidr_blocks": [
                  "212.59.101.82/32",
                  "158.160.108.204/32",
                  "158.160.98.57/32"
                ],
                "v6_cidr_blocks": []
              },
              {
                "description": "разрешить входящий http res2",
                "from_port": -1,
                "id": "enph71k025bncb5uclgk",
                "labels": {},
                "port": 80,
                "predefined_target": "",
                "protocol": "TCP",
                "security_group_id": "",
                "to_port": -1,
                "v4_cidr_blocks": [
                  "212.59.101.82/32"
                ],
                "v6_cidr_blocks": []
              },
              {
                "description": "разрешить входящий https",
                "from_port": -1,
                "id": "enphjun3h5nqbbl1frka",
                "labels": {},
                "port": 443,
                "predefined_target": "",
                "protocol": "TCP",
                "security_group_id": "",
                "to_port": -1,
                "v4_cidr_blocks": [
                  "212.59.101.82/32"
                ],
                "v6_cidr_blocks": []
              },
              {
                "description": "разрешить входящий ssh",
                "from_port": -1,
                "id": "enp6dgr518r4i88njf11",
                "labels": {},
                "port": 22,
                "predefined_target": "",
                "protocol": "TCP",
                "security_group_id": "",
                "to_port": -1,
                "v4_cidr_blocks": [
                  "212.59.101.82/32"
                ],
                "v6_cidr_blocks": []
              }
            ],
            "labels": {},
            "name": "example_dynamic",
            "network_id": "enpf04hl3hle8b6k5dm6",
            "status": "ACTIVE",
            "timeouts": null
          },
          "sensitive_attributes": [],
          "private": "eyJlMmJmYjczMC1lY2FhLTExZTYtOGY4OC0zNDM2M2JjN2M0YzAiOnsiY3JlYXRlIjoxODAwMDAwMDAwMDAsImRlbGV0ZSI6MTgwMDAwMDAwMDAwLCJ1cGRhdGUiOjE4MDAwMDAwMDAwMH19",
          "dependencies": [
            "yandex_vpc_network.develop"
          ]
        }
      ]
    },
    {
      "mode": "managed",
      "type": "yandex_vpc_subnet",
      "name": "develop",
      "provider": "provider[\"registry.terraform.io/yandex-cloud/yandex\"]",
      "instances": [
        {
          "schema_version": 0,
          "attributes": {
            "created_at": "2023-07-29T06:27:06Z",
            "description": "",
            "dhcp_options": [],
            "folder_id": "b1gumqlak859lpd79r0d",
            "id": "e9bsov3t3ffo0ahhl5rg",
            "labels": {},
            "name": "develop",
            "network_id": "enpf04hl3hle8b6k5dm6",
            "route_table_id": "",
            "timeouts": null,
            "v4_cidr_blocks": [
              "10.0.1.0/24"
            ],
            "v6_cidr_blocks": [],
            "zone": "ru-central1-a"
          },
          "sensitive_attributes": [],
          "private": "eyJlMmJmYjczMC1lY2FhLTExZTYtOGY4OC0zNDM2M2JjN2M0YzAiOnsiY3JlYXRlIjoxODAwMDAwMDAwMDAsImRlbGV0ZSI6MTgwMDAwMDAwMDAwLCJ1cGRhdGUiOjE4MDAwMDAwMDAwMH19",
          "dependencies": [
            "yandex_vpc_network.develop"
          ]
        }
      ]
    }
  ],
  "check_results": null
}
